
Microsoft Visual Studio Solution File, Format Version 12.00
# Visual Studio 14
VisualStudioVersion = 14.0.23107.0
MinimumVisualStudioVersion = 10.0.40219.1
Project("{FAE04EC0-301F-11D3-BF4B-00C04F79EFBC}") = "testDocx", "testDocx\testDocx.csproj", "{7EE1EB4B-0C7A-4E6F-B86C-1AF3F9B0B7C8}"
EndProject
Project("{FAE04EC0-301F-11D3-BF4B-00C04F79EFBC}") = "testDocx_1", "testDocx_1\testDocx_1.csproj", "{D94765E4-4917-43E5-8B71-20D59595A727}"
EndProject
Project("{FAE04EC0-301F-11D3-BF4B-00C04F79EFBC}") = "ImageTest", "ImageTest\ImageTest.csproj", "{1D97EB0E-D696-430F-AA8B-242E9B887276}"
EndProject
Project("{FAE04EC0-301F-11D3-BF4B-00C04F79EFBC}") = "Docx_Various", "Docx_Various\Docx_Various.csproj", "{42E8A11E-2B31-417F-92F9-32ABE4A9B4FD}"
EndProject
Global
	GlobalSection(SolutionConfigurationPlatforms) = preSolution
		Debug|Any CPU = Debug|Any CPU
		Release|Any CPU = Release|Any CPU
	EndGlobalSection
	GlobalSection(ProjectConfigurationPlatforms) = postSolution
		{7EE1EB4B-0C7A-4E6F-B86C-1AF3F9B0B7C8}.Debug|Any CPU.ActiveCfg = Debug|Any CPU
		{7EE1EB4B-0C7A-4E6F-B86C-1AF3F9B0B7C8}.Debug|Any CPU.Build.0 = Debug|Any CPU
		{7EE1EB4B-0C7A-4E6F-B86C-1AF3F9B0B7C8}.Release|Any CPU.ActiveCfg = Release|Any CPU
		{7EE1EB4B-0C7A-4E6F-B86C-1AF3F9B0B7C8}.Release|Any CPU.Build.0 = Release|Any CPU
		{D94765E4-4917-43E5-8B71-20D59595A727}.Debug|Any CPU.ActiveCfg = Debug|Any CPU
		{D94765E4-4917-43E5-8B71-20D59595A727}.Debug|Any CPU.Build.0 = Debug|Any CPU
		{D94765E4-4917-43E5-8B71-20D59595A727}.Release|Any CPU.ActiveCfg = Release|Any CPU
		{D94765E4-4917-43E5-8B71-20D59595A727}.Release|Any CPU.Build.0 = Release|Any CPU
		{1D97EB0E-D696-430F-AA8B-242E9B887276}.Debug|Any CPU.ActiveCfg = Debug|Any CPU
		{1D97EB0E-D696-430F-AA8B-242E9B887276}.Debug|Any CPU.Build.0 = Debug|Any CPU
		{1D97EB0E-D696-430F-AA8B-242E9B887276}.Release|Any CPU.ActiveCfg = Release|Any CPU
		{1D97EB0E-D696-430F-AA8B-242E9B887276}.Release|Any CPU.Build.0 = Release|Any CPU
		{42E8A11E-2B31-417F-92F9-32ABE4A9B4FD}.Debug|Any CPU.ActiveCfg = Debug|Any CPU
		{42E8A11E-2B31-417F-92F9-32ABE4A9B4FD}.Debug|Any CPU.Build.0 = Debug|Any CPU
		{42E8A11E-2B31-417F-92F9-32ABE4A9B4FD}.Release|Any CPU.ActiveCfg = Release|Any CPU
		{42E8A11E-2B31-417F-92F9-32ABE4A9B4FD}.Release|Any CPU.Build.0 = Release|Any CPU
	EndGlobalSection
	GlobalSection(SolutionProperties) = preSolution
		HideSolutionNode = FALSE
	EndGlobalSection
EndGlobal
